// !$*UTF8*$!
{
	archiveVersion = 1;
	classes = {
	};
	objectVersion = 50;
	objects = {

/* Begin PBXBuildFile section */
		C8B7B27D23859BE900F8C98C /* AppDelegate.swift in Sources */ = {isa = PBXBuildFile; fileRef = C8B7B27C23859BE900F8C98C /* AppDelegate.swift */; };
		C8B7B27F23859BE900F8C98C /* ViewController.swift in Sources */ = {isa = PBXBuildFile; fileRef = C8B7B27E23859BE900F8C98C /* ViewController.swift */; };
		C8B7B28123859BEB00F8C98C /* Assets.xcassets in Resources */ = {isa = PBXBuildFile; fileRef = C8B7B28023859BEB00F8C98C /* Assets.xcassets */; };
		C8B7B28423859BEB00F8C98C /* Main.storyboard in Resources */ = {isa = PBXBuildFile; fileRef = C8B7B28223859BEB00F8C98C /* Main.storyboard */; };
		C8B7B29023859BEB00F8C98C /* EditbarTests.swift in Sources */ = {isa = PBXBuildFile; fileRef = C8B7B28F23859BEB00F8C98C /* EditbarTests.swift */; };
		C8B7B29B23859BEB00F8C98C /* EditbarUITests.swift in Sources */ = {isa = PBXBuildFile; fileRef = C8B7B29A23859BEB00F8C98C /* EditbarUITests.swift */; };
/* End PBXBuildFile section */

/* Begin PBXContainerItemProxy section */
		C8B7B28C23859BEB00F8C98C /* PBXContainerItemProxy */ = {
			isa = PBXContainerItemProxy;
			containerPortal = C8B7B27123859BE900F8C98C /* Project object */;
			proxyType = 1;
			remoteGlobalIDString = C8B7B27823859BE900F8C98C;
			remoteInfo = Editbar;
		};
		C8B7B29723859BEB00F8C98C /* PBXContainerItemProxy */ = {
			isa = PBXContainerItemProxy;
			containerPortal = C8B7B27123859BE900F8C98C /* Project object */;
			proxyType = 1;
			remoteGlobalIDString = C8B7B27823859BE900F8C98C;
			remoteInfo = Editbar;
		};
/* End PBXContainerItemProxy section */

/* Begin PBXFileReference section */
		C8B7B27923859BE900F8C98C /* Editbar.app */ = {isa = PBXFileReference; explicitFileType = wrapper.application; includeInIndex = 0; path = Editbar.app; sourceTree = BUILT_PRODUCTS_DIR; };
		C8B7B27C23859BE900F8C98C /* AppDelegate.swift */ = {isa = PBXFileReference; lastKnownFileType = sourcecode.swift; path = AppDelegate.swift; sourceTree = "<group>"; };
		C8B7B27E23859BE900F8C98C /* ViewController.swift */ = {isa = PBXFileReference; lastKnownFileType = sourcecode.swift; path = ViewController.swift; sourceTree = "<group>"; };
		C8B7B28023859BEB00F8C98C /* Assets.xcassets */ = {isa = PBXFileReference; lastKnownFileType = folder.assetcatalog; path = Assets.xcassets; sourceTree = "<group>"; };
		C8B7B28323859BEB00F8C98C /* Base */ = {isa = PBXFileReference; lastKnownFileType = file.storyboard; name = Base; path = Base.lproj/Main.storyboard; sourceTree = "<group>"; };
		C8B7B28523859BEB00F8C98C /* Info.plist */ = {isa = PBXFileReference; lastKnownFileType = text.plist.xml; path = Info.plist; sourceTree = "<group>"; };
		C8B7B28623859BEB00F8C98C /* Editbar.entitlements */ = {isa = PBXFileReference; lastKnownFileType = text.plist.entitlements; path = Editbar.entitlements; sourceTree = "<group>"; };
		C8B7B28B23859BEB00F8C98C /* EditbarTests.xctest */ = {isa = PBXFileReference; explicitFileType = wrapper.cfbundle; includeInIndex = 0; path = EditbarTests.xctest; sourceTree = BUILT_PRODUCTS_DIR; };
		C8B7B28F23859BEB00F8C98C /* EditbarTests.swift */ = {isa = PBXFileReference; lastKnownFileType = sourcecode.swift; path = EditbarTests.swift; sourceTree = "<group>"; };
		C8B7B29123859BEB00F8C98C /* Info.plist */ = {isa = PBXFileReference; lastKnownFileType = text.plist.xml; path = Info.plist; sourceTree = "<group>"; };
		C8B7B29623859BEB00F8C98C /* EditbarUITests.xctest */ = {isa = PBXFileReference; explicitFileType = wrapper.cfbundle; includeInIndex = 0; path = EditbarUITests.xctest; sourceTree = BUILT_PRODUCTS_DIR; };
		C8B7B29A23859BEB00F8C98C /* EditbarUITests.swift */ = {isa = PBXFileReference; lastKnownFileType = sourcecode.swift; path = EditbarUITests.swift; sourceTree = "<group>"; };
		C8B7B29C23859BEB00F8C98C /* Info.plist */ = {isa = PBXFileReference; lastKnownFileType = text.plist.xml; path = Info.plist; sourceTree = "<group>"; };
/* End PBXFileReference section */

/* Begin PBXFrameworksBuildPhase section */
		C8B7B27623859BE900F8C98C /* Frameworks */ = {
			isa = PBXFrameworksBuildPhase;
			buildActionMask = 2147483647;
			files = (
			);
			runOnlyForDeploymentPostprocessing = 0;
		};
		C8B7B28823859BEB00F8C98C /* Frameworks */ = {
			isa = PBXFrameworksBuildPhase;
			buildActionMask = 2147483647;
			files = (
			);
			runOnlyForDeploymentPostprocessing = 0;
		};
		C8B7B29323859BEB00F8C98C /* Frameworks */ = {
			isa = PBXFrameworksBuildPhase;
			buildActionMask = 2147483647;
			files = (
			);
			runOnlyForDeploymentPostprocessing = 0;
		};
/* End PBXFrameworksBuildPhase section */

/* Begin PBXGroup section */
		C8B7B27023859BE900F8C98C = {
			isa = PBXGroup;
			children = (
				C8B7B27B23859BE900F8C98C /* Editbar */,
				C8B7B28E23859BEB00F8C98C /* EditbarTests */,
				C8B7B29923859BEB00F8C98C /* EditbarUITests */,
				C8B7B27A23859BE900F8C98C /* Products */,
			);
			sourceTree = "<group>";
		};
		C8B7B27A23859BE900F8C98C /* Products */ = {
			isa = PBXGroup;
			children = (
				C8B7B27923859BE900F8C98C /* Editbar.app */,
				C8B7B28B23859BEB00F8C98C /* EditbarTests.xctest */,
				C8B7B29623859BEB00F8C98C /* EditbarUITests.xctest */,
			);
			name = Products;
			sourceTree = "<group>";
		};
		C8B7B27B23859BE900F8C98C /* Editbar */ = {
			isa = PBXGroup;
			children = (
				C8B7B27C23859BE900F8C98C /* AppDelegate.swift */,
				C8B7B27E23859BE900F8C98C /* ViewController.swift */,
				C8B7B28023859BEB00F8C98C /* Assets.xcassets */,
				C8B7B28223859BEB00F8C98C /* Main.storyboard */,
				C8B7B28523859BEB00F8C98C /* Info.plist */,
				C8B7B28623859BEB00F8C98C /* Editbar.entitlements */,
			);
			path = Editbar;
			sourceTree = "<group>";
		};
		C8B7B28E23859BEB00F8C98C /* EditbarTests */ = {
			isa = PBXGroup;
			children = (
				C8B7B28F23859BEB00F8C98C /* EditbarTests.swift */,
				C8B7B29123859BEB00F8C98C /* Info.plist */,
			);
			path = EditbarTests;
			sourceTree = "<group>";
		};
		C8B7B29923859BEB00F8C98C /* EditbarUITests */ = {
			isa = PBXGroup;
			children = (
				C8B7B29A23859BEB00F8C98C /* EditbarUITests.swift */,
				C8B7B29C23859BEB00F8C98C /* Info.plist */,
			);
			path = EditbarUITests;
			sourceTree = "<group>";
		};
/* End PBXGroup section */

/* Begin PBXNativeTarget section */
		C8B7B27823859BE900F8C98C /* Editbar */ = {
			isa = PBXNativeTarget;
			buildConfigurationList = C8B7B29F23859BEB00F8C98C /* Build configuration list for PBXNativeTarget "Editbar" */;
			buildPhases = (
				C8B7B27523859BE900F8C98C /* Sources */,
				C8B7B27623859BE900F8C98C /* Frameworks */,
				C8B7B27723859BE900F8C98C /* Resources */,
			);
			buildRules = (
			);
			dependencies = (
			);
			name = Editbar;
			productName = Editbar;
			productReference = C8B7B27923859BE900F8C98C /* Editbar.app */;
			productType = "com.apple.product-type.application";
		};
		C8B7B28A23859BEB00F8C98C /* EditbarTests */ = {
			isa = PBXNativeTarget;
			buildConfigurationList = C8B7B2A223859BEB00F8C98C /* Build configuration list for PBXNativeTarget "EditbarTests" */;
			buildPhases = (
				C8B7B28723859BEB00F8C98C /* Sources */,
				C8B7B28823859BEB00F8C98C /* Frameworks */,
				C8B7B28923859BEB00F8C98C /* Resources */,
			);
			buildRules = (
			);
			dependencies = (
				C8B7B28D23859BEB00F8C98C /* PBXTargetDependency */,
			);
			name = EditbarTests;
			productName = EditbarTests;
			productReference = C8B7B28B23859BEB00F8C98C /* EditbarTests.xctest */;
			productType = "com.apple.product-type.bundle.unit-test";
		};
		C8B7B29523859BEB00F8C98C /* EditbarUITests */ = {
			isa = PBXNativeTarget;
			buildConfigurationList = C8B7B2A523859BEB00F8C98C /* Build configuration list for PBXNativeTarget "EditbarUITests" */;
			buildPhases = (
				C8B7B29223859BEB00F8C98C /* Sources */,
				C8B7B29323859BEB00F8C98C /* Frameworks */,
				C8B7B29423859BEB00F8C98C /* Resources */,
			);
			buildRules = (
			);
			dependencies = (
				C8B7B29823859BEB00F8C98C /* PBXTargetDependency */,
			);
			name = EditbarUITests;
			productName = EditbarUITests;
			productReference = C8B7B29623859BEB00F8C98C /* EditbarUITests.xctest */;
			productType = "com.apple.product-type.bundle.ui-testing";
		};
/* End PBXNativeTarget section */

/* Begin PBXProject section */
		C8B7B27123859BE900F8C98C /* Project object */ = {
			isa = PBXProject;
			attributes = {
				LastSwiftUpdateCheck = 1120;
				LastUpgradeCheck = 1120;
				ORGANIZATIONNAME = "Morten Just";
				TargetAttributes = {
					C8B7B27823859BE900F8C98C = {
						CreatedOnToolsVersion = 11.2;
					};
					C8B7B28A23859BEB00F8C98C = {
						CreatedOnToolsVersion = 11.2;
						TestTargetID = C8B7B27823859BE900F8C98C;
					};
					C8B7B29523859BEB00F8C98C = {
						CreatedOnToolsVersion = 11.2;
						TestTargetID = C8B7B27823859BE900F8C98C;
					};
				};
			};
			buildConfigurationList = C8B7B27423859BE900F8C98C /* Build configuration list for PBXProject "Editbar" */;
			compatibilityVersion = "Xcode 9.3";
			developmentRegion = en;
			hasScannedForEncodings = 0;
			knownRegions = (
				en,
				Base,
			);
			mainGroup = C8B7B27023859BE900F8C98C;
			productRefGroup = C8B7B27A23859BE900F8C98C /* Products */;
			projectDirPath = "";
			projectRoot = "";
			targets = (
				C8B7B27823859BE900F8C98C /* Editbar */,
				C8B7B28A23859BEB00F8C98C /* EditbarTests */,
				C8B7B29523859BEB00F8C98C /* EditbarUITests */,
			);
		};
/* End PBXProject section */

/* Begin PBXResourcesBuildPhase section */
		C8B7B27723859BE900F8C98C /* Resources */ = {
			isa = PBXResourcesBuildPhase;
			buildActionMask = 2147483647;
			files = (
				C8B7B28123859BEB00F8C98C /* Assets.xcassets in Resources */,
				C8B7B28423859BEB00F8C98C /* Main.storyboard in Resources */,
			);
			runOnlyForDeploymentPostprocessing = 0;
		};
		C8B7B28923859BEB00F8C98C /* Resources */ = {
			isa = PBXResourcesBuildPhase;
			buildActionMask = 2147483647;
			files = (
			);
			runOnlyForDeploymentPostprocessing = 0;
		};
		C8B7B29423859BEB00F8C98C /* Resources */ = {
			isa = PBXResourcesBuildPhase;
			buildActionMask = 2147483647;
			files = (
			);
			runOnlyForDeploymentPostprocessing = 0;
		};
/* End PBXResourcesBuildPhase section */

/* Begin PBXSourcesBuildPhase section */
		C8B7B27523859BE900F8C98C /* Sources */ = {
			isa = PBXSourcesBuildPhase;
			buildActionMask = 2147483647;
			files = (
				C8B7B27F23859BE900F8C98C /* ViewController.swift in Sources */,
				C8B7B27D23859BE900F8C98C /* AppDelegate.swift in Sources */,
			);
			runOnlyForDeploymentPostprocessing = 0;
		};
		C8B7B28723859BEB00F8C98C /* Sources */ = {
			isa = PBXSourcesBuildPhase;
			buildActionMask = 2147483647;
			files = (
				C8B7B29023859BEB00F8C98C /* EditbarTests.swift in Sources */,
			);
			runOnlyForDeploymentPostprocessing = 0;
		};
		C8B7B29223859BEB00F8C98C /* Sources */ = {
			isa = PBXSourcesBuildPhase;
			buildActionMask = 2147483647;
			files = (
				C8B7B29B23859BEB00F8C98C /* EditbarUITests.swift in Sources */,
			);
			runOnlyForDeploymentPostprocessing = 0;
		};
/* End PBXSourcesBuildPhase section */

/* Begin PBXTargetDependency section */
		C8B7B28D23859BEB00F8C98C /* PBXTargetDependency */ = {
			isa = PBXTargetDependency;
			target = C8B7B27823859BE900F8C98C /* Editbar */;
			targetProxy = C8B7B28C23859BEB00F8C98C /* PBXContainerItemProxy */;
		};
		C8B7B29823859BEB00F8C98C /* PBXTargetDependency */ = {
			isa = PBXTargetDependency;
			target = C8B7B27823859BE900F8C98C /* Editbar */;
			targetProxy = C8B7B29723859BEB00F8C98C /* PBXContainerItemProxy */;
		};
/* End PBXTargetDependency section */

/* Begin PBXVariantGroup section */
		C8B7B28223859BEB00F8C98C /* Main.storyboard */ = {
			isa = PBXVariantGroup;
			children = (
				C8B7B28323859BEB00F8C98C /* Base */,
			);
			name = Main.storyboard;
			sourceTree = "<group>";
		};
/* End PBXVariantGroup section */

/* Begin XCBuildConfiguration section */
		C8B7B29D23859BEB00F8C98C /* Debug */ = {
			isa = XCBuildConfiguration;
			buildSettings = {
				ALWAYS_SEARCH_USER_PATHS = NO;
				CLANG_ANALYZER_NONNULL = YES;
				CLANG_ANALYZER_NUMBER_OBJECT_CONVERSION = YES_AGGRESSIVE;
				CLANG_CXX_LANGUAGE_STANDARD = "gnu++14";
				CLANG_CXX_LIBRARY = "libc++";
				CLANG_ENABLE_MODULES = YES;
				CLANG_ENABLE_OBJC_ARC = YES;
				CLANG_ENABLE_OBJC_WEAK = YES;
				CLANG_WARN_BLOCK_CAPTURE_AUTORELEASING = YES;
				CLANG_WARN_BOOL_CONVERSION = YES;
				CLANG_WARN_COMMA = YES;
				CLANG_WARN_CONSTANT_CONVERSION = YES;
				CLANG_WARN_DEPRECATED_OBJC_IMPLEMENTATIONS = YES;
				CLANG_WARN_DIRECT_OBJC_ISA_USAGE = YES_ERROR;
				CLANG_WARN_DOCUMENTATION_COMMENTS = YES;
				CLANG_WARN_EMPTY_BODY = YES;
				CLANG_WARN_ENUM_CONVERSION = YES;
				CLANG_WARN_INFINITE_RECURSION = YES;
				CLANG_WARN_INT_CONVERSION = YES;
				CLANG_WARN_NON_LITERAL_NULL_CONVERSION = YES;
				CLANG_WARN_OBJC_IMPLICIT_RETAIN_SELF = YES;
				CLANG_WARN_OBJC_LITERAL_CONVERSION = YES;
				CLANG_WARN_OBJC_ROOT_CLASS = YES_ERROR;
				CLANG_WARN_RANGE_LOOP_ANALYSIS = YES;
				CLANG_WARN_STRICT_PROTOTYPES = YES;
				CLANG_WARN_SUSPICIOUS_MOVE = YES;
				CLANG_WARN_UNGUARDED_AVAILABILITY = YES_AGGRESSIVE;
				CLANG_WARN_UNREACHABLE_CODE = YES;
				CLANG_WARN__DUPLICATE_METHOD_MATCH = YES;
				COPY_PHASE_STRIP = NO;
				DEBUG_INFORMATION_FORMAT = dwarf;
				ENABLE_STRICT_OBJC_MSGSEND = YES;
				ENABLE_TESTABILITY = YES;
				GCC_C_LANGUAGE_STANDARD = gnu11;
				GCC_DYNAMIC_NO_PIC = NO;
				GCC_NO_COMMON_BLOCKS = YES;
				GCC_OPTIMIZATION_LEVEL = 0;
				GCC_PREPROCESSOR_DEFINITIONS = (
					"DEBUG=1",
					"$(inherited)",
				);
				GCC_WARN_64_TO_32_BIT_CONVERSION = YES;
				GCC_WARN_ABOUT_RETURN_TYPE = YES_ERROR;
				GCC_WARN_UNDECLARED_SELECTOR = YES;
				GCC_WARN_UNINITIALIZED_AUTOS = YES_AGGRESSIVE;
				GCC_WARN_UNUSED_FUNCTION = YES;
				GCC_WARN_UNUSED_VARIABLE = YES;
				MACOSX_DEPLOYMENT_TARGET = 10.15;
				MTL_ENABLE_DEBUG_INFO = INCLUDE_SOURCE;
				MTL_FAST_MATH = YES;
				ONLY_ACTIVE_ARCH = YES;
				SDKROOT = macosx;
				SWIFT_ACTIVE_COMPILATION_CONDITIONS = DEBUG;
				SWIFT_OPTIMIZATION_LEVEL = "-Onone";
			};
			name = Debug;
		};
		C8B7B29E23859BEB00F8C98C /* Release */ = {
			isa = XCBuildConfiguration;
			buildSettings = {
				ALWAYS_SEARCH_USER_PATHS = NO;
				CLANG_ANALYZER_NONNULL = YES;
				CLANG_ANALYZER_NUMBER_OBJECT_CONVERSION = YES_AGGRESSIVE;
				CLANG_CXX_LANGUAGE_STANDARD = "gnu++14";
				CLANG_CXX_LIBRARY = "libc++";
				CLANG_ENABLE_MODULES = YES;
				CLANG_ENABLE_OBJC_ARC = YES;
				CLANG_ENABLE_OBJC_WEAK = YES;
				CLANG_WARN_BLOCK_CAPTURE_AUTORELEASING = YES;
				CLANG_WARN_BOOL_CONVERSION = YES;
				CLANG_WARN_COMMA = YES;
				CLANG_WARN_CONSTANT_CONVERSION = YES;
				CLANG_WARN_DEPRECATED_OBJC_IMPLEMENTATIONS = YES;
				CLANG_WARN_DIRECT_OBJC_ISA_USAGE = YES_ERROR;
				CLANG_WARN_DOCUMENTATION_COMMENTS = YES;
				CLANG_WARN_EMPTY_BODY = YES;
				CLANG_WARN_ENUM_CONVERSION = YES;
				CLANG_WARN_INFINITE_RECURSION = YES;
				CLANG_WARN_INT_CONVERSION = YES;
				CLANG_WARN_NON_LITERAL_NULL_CONVERSION = YES;
				CLANG_WARN_OBJC_IMPLICIT_RETAIN_SELF = YES;
				CLANG_WARN_OBJC_LITERAL_CONVERSION = YES;
				CLANG_WARN_OBJC_ROOT_CLASS = YES_ERROR;
				CLANG_WARN_RANGE_LOOP_ANALYSIS = YES;
				CLANG_WARN_STRICT_PROTOTYPES = YES;
				CLANG_WARN_SUSPICIOUS_MOVE = YES;
				CLANG_WARN_UNGUARDED_AVAILABILITY = YES_AGGRESSIVE;
				CLANG_WARN_UNREACHABLE_CODE = YES;
				CLANG_WARN__DUPLICATE_METHOD_MATCH = YES;
				COPY_PHASE_STRIP = NO;
				DEBUG_INFORMATION_FORMAT = "dwarf-with-dsym";
				ENABLE_NS_ASSERTIONS = NO;
				ENABLE_STRICT_OBJC_MSGSEND = YES;
				GCC_C_LANGUAGE_STANDARD = gnu11;
				GCC_NO_COMMON_BLOCKS = YES;
				GCC_WARN_64_TO_32_BIT_CONVERSION = YES;
				GCC_WARN_ABOUT_RETURN_TYPE = YES_ERROR;
				GCC_WARN_UNDECLARED_SELECTOR = YES;
				GCC_WARN_UNINITIALIZED_AUTOS = YES_AGGRESSIVE;
				GCC_WARN_UNUSED_FUNCTION = YES;
				GCC_WARN_UNUSED_VARIABLE = YES;
				MACOSX_DEPLOYMENT_TARGET = 10.15;
				MTL_ENABLE_DEBUG_INFO = NO;
				MTL_FAST_MATH = YES;
				SDKROOT = macosx;
				SWIFT_COMPILATION_MODE = wholemodule;
				SWIFT_OPTIMIZATION_LEVEL = "-O";
			};
			name = Release;
		};
		C8B7B2A023859BEB00F8C98C /* Debug */ = {
			isa = XCBuildConfiguration;
			buildSettings = {
				ASSETCATALOG_COMPILER_APPICON_NAME = AppIcon;
				CODE_SIGN_ENTITLEMENTS = Editbar/Editbar.entitlements;
				CODE_SIGN_STYLE = Automatic;
				COMBINE_HIDPI_IMAGES = YES;
				INFOPLIST_FILE = Editbar/Info.plist;
				LD_RUNPATH_SEARCH_PATHS = (
					"$(inherited)",
					"@executable_path/../Frameworks",
				);
				PRODUCT_BUNDLE_IDENTIFIER = com.mortenjust.Editbar;
				PRODUCT_NAME = "$(TARGET_NAME)";
				SWIFT_VERSION = 5.0;
			};
			name = Debug;
		};
		C8B7B2A123859BEB00F8C98C /* Release */ = {
			isa = XCBuildConfiguration;
			buildSettings = {
				ASSETCATALOG_COMPILER_APPICON_NAME = AppIcon;
				CODE_SIGN_ENTITLEMENTS = Editbar/Editbar.entitlements;
				CODE_SIGN_STYLE = Automatic;
				COMBINE_HIDPI_IMAGES = YES;
				INFOPLIST_FILE = Editbar/Info.plist;
				LD_RUNPATH_SEARCH_PATHS = (
					"$(inherited)",
					"@executable_path/../Frameworks",
				);
				PRODUCT_BUNDLE_IDENTIFIER = com.mortenjust.Editbar;
				PRODUCT_NAME = "$(TARGET_NAME)";
				SWIFT_VERSION = 5.0;
			};
			name = Release;
		};
		C8B7B2A323859BEB00F8C98C /* Debug */ = {
			isa = XCBuildConfiguration;
			buildSettings = {
				ALWAYS_EMBED_SWIFT_STANDARD_LIBRARIES = YES;
				BUNDLE_LOADER = "$(TEST_HOST)";
				CODE_SIGN_STYLE = Automatic;
				COMBINE_HIDPI_IMAGES = YES;
				INFOPLIST_FILE = EditbarTests/Info.plist;
				LD_RUNPATH_SEARCH_PATHS = (
					"$(inherited)",
					"@executable_path/../Frameworks",
					"@loader_path/../Frameworks",
				);
				MACOSX_DEPLOYMENT_TARGET = 10.15;
				PRODUCT_BUNDLE_IDENTIFIER = com.mortenjust.EditbarTests;
				PRODUCT_NAME = "$(TARGET_NAME)";
				SWIFT_VERSION = 5.0;
				TEST_HOST = "$(BUILT_PRODUCTS_DIR)/Editbar.app/Contents/MacOS/Editbar";
			};
			name = Debug;
		};
		C8B7B2A423859BEB00F8C98C /* Release */ = {
			isa = XCBuildConfiguration;
			buildSettings = {
				ALWAYS_EMBED_SWIFT_STANDARD_LIBRARIES = YES;
				BUNDLE_LOADER = "$(TEST_HOST)";
				CODE_SIGN_STYLE = Automatic;
				COMBINE_HIDPI_IMAGES = YES;
				INFOPLIST_FILE = EditbarTests/Info.plist;
				LD_RUNPATH_SEARCH_PATHS = (
					"$(inherited)",
					"@executable_path/../Frameworks",
					"@loader_path/../Frameworks",
				);
				MACOSX_DEPLOYMENT_TARGET = 10.15;
				PRODUCT_BUNDLE_IDENTIFIER = com.mortenjust.EditbarTests;
				PRODUCT_NAME = "$(TARGET_NAME)";
				SWIFT_VERSION = 5.0;
				TEST_HOST = "$(BUILT_PRODUCTS_DIR)/Editbar.app/Contents/MacOS/Editbar";
			};
			name = Release;
		};
		C8B7B2A623859BEB00F8C98C /* Debug */ = {
			isa = XCBuildConfiguration;
			buildSettings = {
				ALWAYS_EMBED_SWIFT_STANDARD_LIBRARIES = YES;
				CODE_SIGN_STYLE = Automatic;
				COMBINE_HIDPI_IMAGES = YES;
				INFOPLIST_FILE = EditbarUITests/Info.plist;
				LD_RUNPATH_SEARCH_PATHS = (
					"$(inherited)",
					"@executable_path/../Frameworks",
					"@loader_path/../Frameworks",
				);
				PRODUCT_BUNDLE_IDENTIFIER = com.mortenjust.EditbarUITests;
				PRODUCT_NAME = "$(TARGET_NAME)";
				SWIFT_VERSION = 5.0;
				TEST_TARGET_NAME = Editbar;
			};
			name = Debug;
		};
		C8B7B2A723859BEB00F8C98C /* Release */ = {
			isa = XCBuildConfiguration;
			buildSettings = {
				ALWAYS_EMBED_SWIFT_STANDARD_LIBRARIES = YES;
				CODE_SIGN_STYLE = Automatic;
				COMBINE_HIDPI_IMAGES = YES;
				INFOPLIST_FILE = EditbarUITests/Info.plist;
				LD_RUNPATH_SEARCH_PATHS = (
					"$(inherited)",
					"@executable_path/../Frameworks",
					"@loader_path/../Frameworks",
				);
				PRODUCT_BUNDLE_IDENTIFIER = com.mortenjust.EditbarUITests;
				PRODUCT_NAME = "$(TARGET_NAME)";
				SWIFT_VERSION = 5.0;
				TEST_TARGET_NAME = Editbar;
			};
			name = Release;
		};
/* End XCBuildConfiguration section */

/* Begin XCConfigurationList section */
		C8B7B27423859BE900F8C98C /* Build configuration list for PBXProject "Editbar" */ = {
			isa = XCConfigurationList;
			buildConfigurations = (
				C8B7B29D23859BEB00F8C98C /* Debug */,
				C8B7B29E23859BEB00F8C98C /* Release */,
			);
			defaultConfigurationIsVisible = 0;
			defaultConfigurationName = Release;
		};
		C8B7B29F23859BEB00F8C98C /* Build configuration list for PBXNativeTarget "Editbar" */ = {
			isa = XCConfigurationList;
			buildConfigurations = (
				C8B7B2A023859BEB00F8C98C /* Debug */,
				C8B7B2A123859BEB00F8C98C /* Release */,
			);
			defaultConfigurationIsVisible = 0;
			defaultConfigurationName = Release;
		};
		C8B7B2A223859BEB00F8C98C /* Build configuration list for PBXNativeTarget "EditbarTests" */ = {
			isa = XCConfigurationList;
			buildConfigurations = (
				C8B7B2A323859BEB00F8C98C /* Debug */,
				C8B7B2A423859BEB00F8C98C /* Release */,
			);
			defaultConfigurationIsVisible = 0;
			defaultConfigurationName = Release;
		};
		C8B7B2A523859BEB00F8C98C /* Build configuration list for PBXNativeTarget "EditbarUITests" */ = {
			isa = XCConfigurationList;
			buildConfigurations = (
				C8B7B2A623859BEB00F8C98C /* Debug */,
				C8B7B2A723859BEB00F8C98C /* Release */,
			);
			defaultConfigurationIsVisible = 0;
			defaultConfigurationName = Release;
		};
/* End XCConfigurationList section */
	};
	rootObject = C8B7B27123859BE900F8C98C /* Project object */;
}
